
Microsoft Visual Studio Solution File, Format Version 12.00
# Visual Studio 15
VisualStudioVersion = 15.0.28307.421
MinimumVisualStudioVersion = 10.0.40219.1
Project("{FAE04EC0-301F-11D3-BF4B-00C04F79EFBC}") = "HanoiVisual", "HanoiVisual\HanoiVisual.csproj", "{CFFC9300-BC90-40EB-BE4F-3DD7BAF39857}"
EndProject
Project("{F2A71F9B-5D33-465A-A702-920D77279786}") = "Hanoi", "Hanoi\Hanoi.fsproj", "{F3C3AB9F-4BC0-4776-B4E4-A91A558BAE25}"
EndProject
Global
	GlobalSection(SolutionConfigurationPlatforms) = preSolution
		Debug|Any CPU = Debug|Any CPU
		Release|Any CPU = Release|Any CPU
	EndGlobalSection
	GlobalSection(ProjectConfigurationPlatforms) = postSolution
		{CFFC9300-BC90-40EB-BE4F-3DD7BAF39857}.Debug|Any CPU.ActiveCfg = Debug|Any CPU
		{CFFC9300-BC90-40EB-BE4F-3DD7BAF39857}.Debug|Any CPU.Build.0 = Debug|Any CPU
		{CFFC9300-BC90-40EB-BE4F-3DD7BAF39857}.Release|Any CPU.ActiveCfg = Release|Any CPU
		{CFFC9300-BC90-40EB-BE4F-3DD7BAF39857}.Release|Any CPU.Build.0 = Release|Any CPU
		{F3C3AB9F-4BC0-4776-B4E4-A91A558BAE25}.Debug|Any CPU.ActiveCfg = Debug|Any CPU
		{F3C3AB9F-4BC0-4776-B4E4-A91A558BAE25}.Debug|Any CPU.Build.0 = Debug|Any CPU
		{F3C3AB9F-4BC0-4776-B4E4-A91A558BAE25}.Release|Any CPU.ActiveCfg = Release|Any CPU
		{F3C3AB9F-4BC0-4776-B4E4-A91A558BAE25}.Release|Any CPU.Build.0 = Release|Any CPU
	EndGlobalSection
	GlobalSection(SolutionProperties) = preSolution
		HideSolutionNode = FALSE
	EndGlobalSection
	GlobalSection(ExtensibilityGlobals) = postSolution
		SolutionGuid = {E5FD4E45-D0AD-4EC2-903A-5F62E48A5BF1}
	EndGlobalSection
EndGlobal
